
Microsoft Visual Studio Solution File, Format Version 12.00
# Visual Studio 2015
Project("{FAE04EC0-301F-11D3-BF4B-00C04F79EFBC}") = "SurvivalOfThe.CSharp", "SurvivalOfThe.CSharp.csproj", "{1C63406A-EC68-9C4B-8400-A4000613A79D}"
EndProject
Project("{FAE04EC0-301F-11D3-BF4B-00C04F79EFBC}") = "SurvivalOfThe.CSharp.Editor", "SurvivalOfThe.CSharp.Editor.csproj", "{CDF0EB0C-5E7D-1E5A-FE4B-45B696188F9B}"
EndProject
Global
	GlobalSection(SolutionConfigurationPlatforms) = preSolution
		Debug|Any CPU = Debug|Any CPU
		Release|Any CPU = Release|Any CPU
	EndGlobalSection
	GlobalSection(ProjectConfigurationPlatforms) = postSolution
		{1C63406A-EC68-9C4B-8400-A4000613A79D}.Debug|Any CPU.ActiveCfg = Debug|Any CPU
		{1C63406A-EC68-9C4B-8400-A4000613A79D}.Debug|Any CPU.Build.0 = Debug|Any CPU
		{1C63406A-EC68-9C4B-8400-A4000613A79D}.Release|Any CPU.ActiveCfg = Release|Any CPU
		{1C63406A-EC68-9C4B-8400-A4000613A79D}.Release|Any CPU.Build.0 = Release|Any CPU
		{CDF0EB0C-5E7D-1E5A-FE4B-45B696188F9B}.Debug|Any CPU.ActiveCfg = Debug|Any CPU
		{CDF0EB0C-5E7D-1E5A-FE4B-45B696188F9B}.Debug|Any CPU.Build.0 = Debug|Any CPU
		{CDF0EB0C-5E7D-1E5A-FE4B-45B696188F9B}.Release|Any CPU.ActiveCfg = Release|Any CPU
		{CDF0EB0C-5E7D-1E5A-FE4B-45B696188F9B}.Release|Any CPU.Build.0 = Release|Any CPU
	EndGlobalSection
	GlobalSection(SolutionProperties) = preSolution
		HideSolutionNode = FALSE
	EndGlobalSection
EndGlobal
